// !$*UTF8*$!
{
	archiveVersion = 1;
	classes = {
	};
	objectVersion = 56;
	objects = {

/* Begin PBXBuildFile section */
		A1000001 /* FlowTimerApp.swift in Sources */ = {isa = PBXBuildFile; fileRef = A2000001 /* FlowTimerApp.swift */; };
		A1000002 /* AppDelegate.swift in Sources */ = {isa = PBXBuildFile; fileRef = A2000002 /* AppDelegate.swift */; };
		A1000003 /* ContentView.swift in Sources */ = {isa = PBXBuildFile; fileRef = A2000003 /* ContentView.swift */; };
		A1000004 /* SettingsView.swift in Sources */ = {isa = PBXBuildFile; fileRef = A2000004 /* SettingsView.swift */; };
		A1000005 /* Assets.xcassets in Resources */ = {isa = PBXBuildFile; fileRef = A2000005 /* Assets.xcassets */; };
		A1000010 /* TimerState.swift in Sources */ = {isa = PBXBuildFile; fileRef = A2000010 /* TimerState.swift */; };
		A1000011 /* AmbientSound.swift in Sources */ = {isa = PBXBuildFile; fileRef = A2000011 /* AmbientSound.swift */; };
		A1000012 /* FlowSession.swift in Sources */ = {isa = PBXBuildFile; fileRef = A2000012 /* FlowSession.swift */; };
		A1000013 /* TimePeriod.swift in Sources */ = {isa = PBXBuildFile; fileRef = A2000013 /* TimePeriod.swift */; };
		A1000020 /* TimerManager.swift in Sources */ = {isa = PBXBuildFile; fileRef = A2000020 /* TimerManager.swift */; };
		A1000021 /* AudioManager.swift in Sources */ = {isa = PBXBuildFile; fileRef = A2000021 /* AudioManager.swift */; };
		A1000022 /* FocusManager.swift in Sources */ = {isa = PBXBuildFile; fileRef = A2000022 /* FocusManager.swift */; };
		A1000023 /* SessionStore.swift in Sources */ = {isa = PBXBuildFile; fileRef = A2000023 /* SessionStore.swift */; };
		A1000024 /* PreferencesManager.swift in Sources */ = {isa = PBXBuildFile; fileRef = A2000024 /* PreferencesManager.swift */; };
		A1000030 /* DigitHalfView.swift in Sources */ = {isa = PBXBuildFile; fileRef = A2000030 /* DigitHalfView.swift */; };
		A1000031 /* FlipDigitView.swift in Sources */ = {isa = PBXBuildFile; fileRef = A2000031 /* FlipDigitView.swift */; };
		A1000032 /* FlipClockView.swift in Sources */ = {isa = PBXBuildFile; fileRef = A2000032 /* FlipClockView.swift */; };
		A1000040 /* ControlButtonsView.swift in Sources */ = {isa = PBXBuildFile; fileRef = A2000040 /* ControlButtonsView.swift */; };
		A1000041 /* DurationPickerView.swift in Sources */ = {isa = PBXBuildFile; fileRef = A2000041 /* DurationPickerView.swift */; };
		A1000042 /* SoundPickerView.swift in Sources */ = {isa = PBXBuildFile; fileRef = A2000042 /* SoundPickerView.swift */; };
		A1000043 /* VolumeSliderView.swift in Sources */ = {isa = PBXBuildFile; fileRef = A2000043 /* VolumeSliderView.swift */; };
		A1000050 /* SessionListView.swift in Sources */ = {isa = PBXBuildFile; fileRef = A2000050 /* SessionListView.swift */; };
		A1000051 /* StatsSummaryView.swift in Sources */ = {isa = PBXBuildFile; fileRef = A2000051 /* StatsSummaryView.swift */; };
		A1000052 /* HistoryView.swift in Sources */ = {isa = PBXBuildFile; fileRef = A2000052 /* HistoryView.swift */; };
		A1000060 /* MenuBarController.swift in Sources */ = {isa = PBXBuildFile; fileRef = A2000060 /* MenuBarController.swift */; };
		A1000070 /* brook.mp3 in Resources */ = {isa = PBXBuildFile; fileRef = A2000070 /* brook.mp3 */; };
		A1000071 /* ocean.mp3 in Resources */ = {isa = PBXBuildFile; fileRef = A2000071 /* ocean.mp3 */; };
		A1000072 /* rain.mp3 in Resources */ = {isa = PBXBuildFile; fileRef = A2000072 /* rain.mp3 */; };
		A1000073 /* forest.mp3 in Resources */ = {isa = PBXBuildFile; fileRef = A2000073 /* forest.mp3 */; };
		A1000074 /* coffee_shop.mp3 in Resources */ = {isa = PBXBuildFile; fileRef = A2000074 /* coffee_shop.mp3 */; };
		A1000078 /* elevenhz.mp3 in Resources */ = {isa = PBXBuildFile; fileRef = A2000078 /* elevenhz.mp3 */; };
		A1000079 /* intersteller.mp3 in Resources */ = {isa = PBXBuildFile; fileRef = A2000079 /* intersteller.mp3 */; };
		A1000080 /* meditation.mp3 in Resources */ = {isa = PBXBuildFile; fileRef = A2000080 /* meditation.mp3 */; };
/* End PBXBuildFile section */

/* Begin PBXFileReference section */
		A2000001 /* FlowTimerApp.swift */ = {isa = PBXFileReference; lastKnownFileType = sourcecode.swift; path = FlowTimerApp.swift; sourceTree = "<group>"; };
		A2000002 /* AppDelegate.swift */ = {isa = PBXFileReference; lastKnownFileType = sourcecode.swift; path = AppDelegate.swift; sourceTree = "<group>"; };
		A2000003 /* ContentView.swift */ = {isa = PBXFileReference; lastKnownFileType = sourcecode.swift; path = ContentView.swift; sourceTree = "<group>"; };
		A2000004 /* SettingsView.swift */ = {isa = PBXFileReference; lastKnownFileType = sourcecode.swift; path = SettingsView.swift; sourceTree = "<group>"; };
		A2000005 /* Assets.xcassets */ = {isa = PBXFileReference; lastKnownFileType = folder.assetcatalog; path = Assets.xcassets; sourceTree = "<group>"; };
		A2000006 /* FlowTimer.entitlements */ = {isa = PBXFileReference; lastKnownFileType = text.plist.entitlements; path = FlowTimer.entitlements; sourceTree = "<group>"; };
		A2000007 /* FlowTimer.app */ = {isa = PBXFileReference; explicitFileType = wrapper.application; includeInIndex = 0; path = FlowTimer.app; sourceTree = BUILT_PRODUCTS_DIR; };
		A2000010 /* TimerState.swift */ = {isa = PBXFileReference; lastKnownFileType = sourcecode.swift; path = TimerState.swift; sourceTree = "<group>"; };
		A2000011 /* AmbientSound.swift */ = {isa = PBXFileReference; lastKnownFileType = sourcecode.swift; path = AmbientSound.swift; sourceTree = "<group>"; };
		A2000012 /* FlowSession.swift */ = {isa = PBXFileReference; lastKnownFileType = sourcecode.swift; path = FlowSession.swift; sourceTree = "<group>"; };
		A2000013 /* TimePeriod.swift */ = {isa = PBXFileReference; lastKnownFileType = sourcecode.swift; path = TimePeriod.swift; sourceTree = "<group>"; };
		A2000020 /* TimerManager.swift */ = {isa = PBXFileReference; lastKnownFileType = sourcecode.swift; path = TimerManager.swift; sourceTree = "<group>"; };
		A2000021 /* AudioManager.swift */ = {isa = PBXFileReference; lastKnownFileType = sourcecode.swift; path = AudioManager.swift; sourceTree = "<group>"; };
		A2000022 /* FocusManager.swift */ = {isa = PBXFileReference; lastKnownFileType = sourcecode.swift; path = FocusManager.swift; sourceTree = "<group>"; };
		A2000023 /* SessionStore.swift */ = {isa = PBXFileReference; lastKnownFileType = sourcecode.swift; path = SessionStore.swift; sourceTree = "<group>"; };
		A2000024 /* PreferencesManager.swift */ = {isa = PBXFileReference; lastKnownFileType = sourcecode.swift; path = PreferencesManager.swift; sourceTree = "<group>"; };
		A2000030 /* DigitHalfView.swift */ = {isa = PBXFileReference; lastKnownFileType = sourcecode.swift; path = DigitHalfView.swift; sourceTree = "<group>"; };
		A2000031 /* FlipDigitView.swift */ = {isa = PBXFileReference; lastKnownFileType = sourcecode.swift; path = FlipDigitView.swift; sourceTree = "<group>"; };
		A2000032 /* FlipClockView.swift */ = {isa = PBXFileReference; lastKnownFileType = sourcecode.swift; path = FlipClockView.swift; sourceTree = "<group>"; };
		A2000040 /* ControlButtonsView.swift */ = {isa = PBXFileReference; lastKnownFileType = sourcecode.swift; path = ControlButtonsView.swift; sourceTree = "<group>"; };
		A2000041 /* DurationPickerView.swift */ = {isa = PBXFileReference; lastKnownFileType = sourcecode.swift; path = DurationPickerView.swift; sourceTree = "<group>"; };
		A2000042 /* SoundPickerView.swift */ = {isa = PBXFileReference; lastKnownFileType = sourcecode.swift; path = SoundPickerView.swift; sourceTree = "<group>"; };
		A2000043 /* VolumeSliderView.swift */ = {isa = PBXFileReference; lastKnownFileType = sourcecode.swift; path = VolumeSliderView.swift; sourceTree = "<group>"; };
		A2000050 /* SessionListView.swift */ = {isa = PBXFileReference; lastKnownFileType = sourcecode.swift; path = SessionListView.swift; sourceTree = "<group>"; };
		A2000051 /* StatsSummaryView.swift */ = {isa = PBXFileReference; lastKnownFileType = sourcecode.swift; path = StatsSummaryView.swift; sourceTree = "<group>"; };
		A2000052 /* HistoryView.swift */ = {isa = PBXFileReference; lastKnownFileType = sourcecode.swift; path = HistoryView.swift; sourceTree = "<group>"; };
		A2000060 /* MenuBarController.swift */ = {isa = PBXFileReference; lastKnownFileType = sourcecode.swift; path = MenuBarController.swift; sourceTree = "<group>"; };
		A2000070 /* brook.mp3 */ = {isa = PBXFileReference; lastKnownFileType = audio.mp3; path = brook.mp3; sourceTree = "<group>"; };
		A2000071 /* ocean.mp3 */ = {isa = PBXFileReference; lastKnownFileType = audio.mp3; path = ocean.mp3; sourceTree = "<group>"; };
		A2000072 /* rain.mp3 */ = {isa = PBXFileReference; lastKnownFileType = audio.mp3; path = rain.mp3; sourceTree = "<group>"; };
		A2000073 /* forest.mp3 */ = {isa = PBXFileReference; lastKnownFileType = audio.mp3; path = forest.mp3; sourceTree = "<group>"; };
		A2000074 /* coffee_shop.mp3 */ = {isa = PBXFileReference; lastKnownFileType = audio.mp3; path = coffee_shop.mp3; sourceTree = "<group>"; };
		A2000075 /* fireplace.mp3 */ = {isa = PBXFileReference; lastKnownFileType = audio.mp3; path = fireplace.mp3; sourceTree = "<group>"; };
		A2000076 /* white_noise.mp3 */ = {isa = PBXFileReference; lastKnownFileType = audio.mp3; path = white_noise.mp3; sourceTree = "<group>"; };
		A2000077 /* chime.mp3 */ = {isa = PBXFileReference; lastKnownFileType = audio.mp3; path = chime.mp3; sourceTree = "<group>"; };
/* End PBXFileReference section */

/* Begin PBXFrameworksBuildPhase section */
		A3000001 /* Frameworks */ = {
			isa = PBXFrameworksBuildPhase;
			buildActionMask = 2147483647;
			files = (
			);
			runOnlyForDeploymentPostprocessing = 0;
		};
/* End PBXFrameworksBuildPhase section */

/* Begin PBXGroup section */
		A4000001 = {
			isa = PBXGroup;
			children = (
				A2000001 /* FlowTimerApp.swift */,
				A2000002 /* AppDelegate.swift */,
				A4000002 /* Models */,
				A4000003 /* Managers */,
				A4000004 /* Views */,
				A4000005 /* Resources */,
				A2000006 /* FlowTimer.entitlements */,
				A4000006 /* Products */,
			);
			sourceTree = "<group>";
		};
		A4000002 /* Models */ = {
			isa = PBXGroup;
			children = (
				A2000010 /* TimerState.swift */,
				A2000011 /* AmbientSound.swift */,
				A2000012 /* FlowSession.swift */,
				A2000013 /* TimePeriod.swift */,
			);
			path = Models;
			sourceTree = "<group>";
		};
		A4000003 /* Managers */ = {
			isa = PBXGroup;
			children = (
				A2000020 /* TimerManager.swift */,
				A2000021 /* AudioManager.swift */,
				A2000022 /* FocusManager.swift */,
				A2000023 /* SessionStore.swift */,
				A2000024 /* PreferencesManager.swift */,
			);
			path = Managers;
			sourceTree = "<group>";
		};
		A4000004 /* Views */ = {
			isa = PBXGroup;
			children = (
				A2000003 /* ContentView.swift */,
				A2000004 /* SettingsView.swift */,
				A4000007 /* FlipClock */,
				A4000008 /* Controls */,
				A4000009 /* History */,
				A4000010 /* MenuBar */,
			);
			path = Views;
			sourceTree = "<group>";
		};
		A4000005 /* Resources */ = {
			isa = PBXGroup;
			children = (
				A2000005 /* Assets.xcassets */,
				A4000011 /* Sounds */,
			);
			path = Resources;
			sourceTree = "<group>";
		};
		A4000006 /* Products */ = {
			isa = PBXGroup;
			children = (
				A2000007 /* FlowTimer.app */,
			);
			name = Products;
			sourceTree = "<group>";
		};
		A4000007 /* FlipClock */ = {
			isa = PBXGroup;
			children = (
				A2000030 /* DigitHalfView.swift */,
				A2000031 /* FlipDigitView.swift */,
				A2000032 /* FlipClockView.swift */,
			);
			path = FlipClock;
			sourceTree = "<group>";
		};
		A4000008 /* Controls */ = {
			isa = PBXGroup;
			children = (
				A2000040 /* ControlButtonsView.swift */,
				A2000041 /* DurationPickerView.swift */,
				A2000042 /* SoundPickerView.swift */,
				A2000043 /* VolumeSliderView.swift */,
			);
			path = Controls;
			sourceTree = "<group>";
		};
		A4000009 /* History */ = {
			isa = PBXGroup;
			children = (
				A2000050 /* SessionListView.swift */,
				A2000051 /* StatsSummaryView.swift */,
				A2000052 /* HistoryView.swift */,
			);
			path = History;
			sourceTree = "<group>";
		};
		A4000010 /* MenuBar */ = {
			isa = PBXGroup;
			children = (
				A2000060 /* MenuBarController.swift */,
			);
			path = MenuBar;
			sourceTree = "<group>";
		};
		A4000011 /* Sounds */ = {
			isa = PBXGroup;
			children = (
				A2000070 /* brook.mp3 */,
				A2000071 /* ocean.mp3 */,
				A2000072 /* rain.mp3 */,
				A2000073 /* forest.mp3 */,
				A2000074 /* coffee_shop.mp3 */,
				A2000075 /* fireplace.mp3 */,
				A2000076 /* white_noise.mp3 */,
				A2000077 /* chime.mp3 */,
			);
			path = Sounds;
			sourceTree = "<group>";
		};
/* End PBXGroup section */

/* Begin PBXNativeTarget section */
		A5000001 /* FlowTimer */ = {
			isa = PBXNativeTarget;
			buildConfigurationList = A6000003 /* Build configuration list for PBXNativeTarget "FlowTimer" */;
			buildPhases = (
				A3000002 /* Sources */,
				A3000001 /* Frameworks */,
				A3000003 /* Resources */,
			);
			buildRules = (
			);
			dependencies = (
			);
			name = FlowTimer;
			productName = FlowTimer;
			productReference = A2000007 /* FlowTimer.app */;
			productType = "com.apple.product-type.application";
		};
/* End PBXNativeTarget section */

/* Begin PBXProject section */
		A7000001 /* Project object */ = {
			isa = PBXProject;
			attributes = {
				BuildIndependentTargetsInParallel = 1;
				LastSwiftUpdateCheck = 1500;
				LastUpgradeCheck = 1500;
				TargetAttributes = {
					A5000001 = {
						CreatedOnToolsVersion = 15.0;
					};
				};
			};
			buildConfigurationList = A6000001 /* Build configuration list for PBXProject "FlowTimer" */;
			compatibilityVersion = "Xcode 14.0";
			developmentRegion = en;
			hasScannedForEncodings = 0;
			knownRegions = (
				en,
				Base,
			);
			mainGroup = A4000001;
			productRefGroup = A4000006 /* Products */;
			projectDirPath = "";
			projectRoot = "";
			targets = (
				A5000001 /* FlowTimer */,
			);
		};
/* End PBXProject section */

/* Begin PBXResourcesBuildPhase section */
		A3000003 /* Resources */ = {
			isa = PBXResourcesBuildPhase;
			buildActionMask = 2147483647;
			files = (
				A1000005 /* Assets.xcassets in Resources */,
				A1000070 /* brook.mp3 in Resources */,
				A1000071 /* ocean.mp3 in Resources */,
				A1000072 /* rain.mp3 in Resources */,
				A1000073 /* forest.mp3 in Resources */,
				A1000074 /* coffee_shop.mp3 in Resources */,
				A1000075 /* fireplace.mp3 in Resources */,
				A1000076 /* white_noise.mp3 in Resources */,
				A1000077 /* chime.mp3 in Resources */,
			);
			runOnlyForDeploymentPostprocessing = 0;
		};
/* End PBXResourcesBuildPhase section */

/* Begin PBXSourcesBuildPhase section */
		A3000002 /* Sources */ = {
			isa = PBXSourcesBuildPhase;
			buildActionMask = 2147483647;
			files = (
				A1000001 /* FlowTimerApp.swift in Sources */,
				A1000002 /* AppDelegate.swift in Sources */,
				A1000003 /* ContentView.swift in Sources */,
				A1000004 /* SettingsView.swift in Sources */,
				A1000010 /* TimerState.swift in Sources */,
				A1000011 /* AmbientSound.swift in Sources */,
				A1000012 /* FlowSession.swift in Sources */,
				A1000013 /* TimePeriod.swift in Sources */,
				A1000020 /* TimerManager.swift in Sources */,
				A1000021 /* AudioManager.swift in Sources */,
				A1000022 /* FocusManager.swift in Sources */,
				A1000023 /* SessionStore.swift in Sources */,
				A1000024 /* PreferencesManager.swift in Sources */,
				A1000030 /* DigitHalfView.swift in Sources */,
				A1000031 /* FlipDigitView.swift in Sources */,
				A1000032 /* FlipClockView.swift in Sources */,
				A1000040 /* ControlButtonsView.swift in Sources */,
				A1000041 /* DurationPickerView.swift in Sources */,
				A1000042 /* SoundPickerView.swift in Sources */,
				A1000043 /* VolumeSliderView.swift in Sources */,
				A1000050 /* SessionListView.swift in Sources */,
				A1000051 /* StatsSummaryView.swift in Sources */,
				A1000052 /* HistoryView.swift in Sources */,
				A1000060 /* MenuBarController.swift in Sources */,
			);
			runOnlyForDeploymentPostprocessing = 0;
		};
/* End PBXSourcesBuildPhase section */

/* Begin XCBuildConfiguration section */
		A6000002 /* Debug */ = {
			isa = XCBuildConfiguration;
			buildSettings = {
				ALWAYS_SEARCH_USER_PATHS = NO;
				ASSETCATALOG_COMPILER_GENERATE_SWIFT_ASSET_SYMBOL_EXTENSIONS = YES;
				CLANG_ANALYZER_NONNULL = YES;
				CLANG_ANALYZER_NUMBER_OBJECT_CONVERSION = YES_AGGRESSIVE;
				CLANG_CXX_LANGUAGE_STANDARD = "gnu++20";
				CLANG_ENABLE_MODULES = YES;
				CLANG_ENABLE_OBJC_ARC = YES;
				CLANG_ENABLE_OBJC_WEAK = YES;
				CLANG_WARN_BLOCK_CAPTURE_AUTORELEASING = YES;
				CLANG_WARN_BOOL_CONVERSION = YES;
				CLANG_WARN_COMMA = YES;
				CLANG_WARN_CONSTANT_CONVERSION = YES;
				CLANG_WARN_DEPRECATED_OBJC_IMPLEMENTATIONS = YES;
				CLANG_WARN_DIRECT_OBJC_ISA_USAGE = YES_ERROR;
				CLANG_WARN_DOCUMENTATION_COMMENTS = YES;
				CLANG_WARN_EMPTY_BODY = YES;
				CLANG_WARN_ENUM_CONVERSION = YES;
				CLANG_WARN_INFINITE_RECURSION = YES;
				CLANG_WARN_INT_CONVERSION = YES;
				CLANG_WARN_NON_LITERAL_NULL_CONVERSION = YES;
				CLANG_WARN_OBJC_IMPLICIT_RETAIN_SELF = YES;
				CLANG_WARN_OBJC_LITERAL_CONVERSION = YES;
				CLANG_WARN_OBJC_ROOT_CLASS = YES_ERROR;
				CLANG_WARN_QUOTED_INCLUDE_IN_FRAMEWORK_HEADER = YES;
				CLANG_WARN_RANGE_LOOP_ANALYSIS = YES;
				CLANG_WARN_STRICT_PROTOTYPES = YES;
				CLANG_WARN_SUSPICIOUS_MOVE = YES;
				CLANG_WARN_UNGUARDED_AVAILABILITY = YES_AGGRESSIVE;
				CLANG_WARN_UNREACHABLE_CODE = YES;
				CLANG_WARN__DUPLICATE_METHOD_MATCH = YES;
				COPY_PHASE_STRIP = NO;
				DEBUG_INFORMATION_FORMAT = dwarf;
				ENABLE_STRICT_OBJC_MSGSEND = YES;
				ENABLE_TESTABILITY = YES;
				ENABLE_USER_SCRIPT_SANDBOXING = YES;
				GCC_C_LANGUAGE_STANDARD = gnu17;
				GCC_DYNAMIC_NO_PIC = NO;
				GCC_NO_COMMON_BLOCKS = YES;
				GCC_OPTIMIZATION_LEVEL = 0;
				GCC_PREPROCESSOR_DEFINITIONS = (
					"DEBUG=1",
					"$(inherited)",
				);
				GCC_WARN_64_TO_32_BIT_CONVERSION = YES;
				GCC_WARN_ABOUT_RETURN_TYPE = YES_ERROR;
				GCC_WARN_UNDECLARED_SELECTOR = YES;
				GCC_WARN_UNINITIALIZED_AUTOS = YES_AGGRESSIVE;
				GCC_WARN_UNUSED_FUNCTION = YES;
				GCC_WARN_UNUSED_VARIABLE = YES;
				LOCALIZATION_PREFERS_STRING_CATALOGS = YES;
				MACOSX_DEPLOYMENT_TARGET = 14.0;
				MTL_ENABLE_DEBUG_INFO = INCLUDE_SOURCE;
				MTL_FAST_MATH = YES;
				ONLY_ACTIVE_ARCH = YES;
				SDKROOT = macosx;
				SWIFT_ACTIVE_COMPILATION_CONDITIONS = "DEBUG $(inherited)";
				SWIFT_OPTIMIZATION_LEVEL = "-Onone";
			};
			name = Debug;
		};
		A6000004 /* Release */ = {
			isa = XCBuildConfiguration;
			buildSettings = {
				ALWAYS_SEARCH_USER_PATHS = NO;
				ASSETCATALOG_COMPILER_GENERATE_SWIFT_ASSET_SYMBOL_EXTENSIONS = YES;
				CLANG_ANALYZER_NONNULL = YES;
				CLANG_ANALYZER_NUMBER_OBJECT_CONVERSION = YES_AGGRESSIVE;
				CLANG_CXX_LANGUAGE_STANDARD = "gnu++20";
				CLANG_ENABLE_MODULES = YES;
				CLANG_ENABLE_OBJC_ARC = YES;
				CLANG_ENABLE_OBJC_WEAK = YES;
				CLANG_WARN_BLOCK_CAPTURE_AUTORELEASING = YES;
				CLANG_WARN_BOOL_CONVERSION = YES;
				CLANG_WARN_COMMA = YES;
				CLANG_WARN_CONSTANT_CONVERSION = YES;
				CLANG_WARN_DEPRECATED_OBJC_IMPLEMENTATIONS = YES;
				CLANG_WARN_DIRECT_OBJC_ISA_USAGE = YES_ERROR;
				CLANG_WARN_DOCUMENTATION_COMMENTS = YES;
				CLANG_WARN_EMPTY_BODY = YES;
				CLANG_WARN_ENUM_CONVERSION = YES;
				CLANG_WARN_INFINITE_RECURSION = YES;
				CLANG_WARN_INT_CONVERSION = YES;
				CLANG_WARN_NON_LITERAL_NULL_CONVERSION = YES;
				CLANG_WARN_OBJC_IMPLICIT_RETAIN_SELF = YES;
				CLANG_WARN_OBJC_LITERAL_CONVERSION = YES;
				CLANG_WARN_OBJC_ROOT_CLASS = YES_ERROR;
				CLANG_WARN_QUOTED_INCLUDE_IN_FRAMEWORK_HEADER = YES;
				CLANG_WARN_RANGE_LOOP_ANALYSIS = YES;
				CLANG_WARN_STRICT_PROTOTYPES = YES;
				CLANG_WARN_SUSPICIOUS_MOVE = YES;
				CLANG_WARN_UNGUARDED_AVAILABILITY = YES_AGGRESSIVE;
				CLANG_WARN_UNREACHABLE_CODE = YES;
				CLANG_WARN__DUPLICATE_METHOD_MATCH = YES;
				COPY_PHASE_STRIP = NO;
				DEBUG_INFORMATION_FORMAT = "dwarf-with-dsym";
				ENABLE_NS_ASSERTIONS = NO;
				ENABLE_STRICT_OBJC_MSGSEND = YES;
				ENABLE_USER_SCRIPT_SANDBOXING = YES;
				GCC_C_LANGUAGE_STANDARD = gnu17;
				GCC_NO_COMMON_BLOCKS = YES;
				GCC_WARN_64_TO_32_BIT_CONVERSION = YES;
				GCC_WARN_ABOUT_RETURN_TYPE = YES_ERROR;
				GCC_WARN_UNDECLARED_SELECTOR = YES;
				GCC_WARN_UNINITIALIZED_AUTOS = YES_AGGRESSIVE;
				GCC_WARN_UNUSED_FUNCTION = YES;
				GCC_WARN_UNUSED_VARIABLE = YES;
				LOCALIZATION_PREFERS_STRING_CATALOGS = YES;
				MACOSX_DEPLOYMENT_TARGET = 14.0;
				MTL_ENABLE_DEBUG_INFO = NO;
				MTL_FAST_MATH = YES;
				SDKROOT = macosx;
				SWIFT_COMPILATION_MODE = wholemodule;
			};
			name = Release;
		};
		A6000005 /* Debug */ = {
			isa = XCBuildConfiguration;
			buildSettings = {
				ASSETCATALOG_COMPILER_APPICON_NAME = AppIcon;
				ASSETCATALOG_COMPILER_GLOBAL_ACCENT_COLOR_NAME = AccentColor;
				CODE_SIGN_ENTITLEMENTS = FlowTimer.entitlements;
				CODE_SIGN_STYLE = Automatic;
				COMBINE_HIDPI_IMAGES = YES;
				CURRENT_PROJECT_VERSION = 1;
				DEVELOPMENT_ASSET_PATHS = "";
				ENABLE_HARDENED_RUNTIME = YES;
				ENABLE_PREVIEWS = YES;
				GENERATE_INFOPLIST_FILE = YES;
				INFOPLIST_KEY_LSApplicationCategoryType = "public.app-category.productivity";
				INFOPLIST_KEY_NSHumanReadableCopyright = "";
				LD_RUNPATH_SEARCH_PATHS = (
					"$(inherited)",
					"@executable_path/../Frameworks",
				);
				MARKETING_VERSION = 1.0;
				PRODUCT_BUNDLE_IDENTIFIER = com.flowtimer.FlowTimer;
				PRODUCT_NAME = "$(TARGET_NAME)";
				SWIFT_EMIT_LOC_STRINGS = YES;
				SWIFT_VERSION = 5.0;
			};
			name = Debug;
		};
		A6000006 /* Release */ = {
			isa = XCBuildConfiguration;
			buildSettings = {
				ASSETCATALOG_COMPILER_APPICON_NAME = AppIcon;
				ASSETCATALOG_COMPILER_GLOBAL_ACCENT_COLOR_NAME = AccentColor;
				CODE_SIGN_ENTITLEMENTS = FlowTimer.entitlements;
				CODE_SIGN_STYLE = Automatic;
				COMBINE_HIDPI_IMAGES = YES;
				CURRENT_PROJECT_VERSION = 1;
				DEVELOPMENT_ASSET_PATHS = "";
				ENABLE_HARDENED_RUNTIME = YES;
				ENABLE_PREVIEWS = YES;
				GENERATE_INFOPLIST_FILE = YES;
				INFOPLIST_KEY_LSApplicationCategoryType = "public.app-category.productivity";
				INFOPLIST_KEY_NSHumanReadableCopyright = "";
				LD_RUNPATH_SEARCH_PATHS = (
					"$(inherited)",
					"@executable_path/../Frameworks",
				);
				MARKETING_VERSION = 1.0;
				PRODUCT_BUNDLE_IDENTIFIER = com.flowtimer.FlowTimer;
				PRODUCT_NAME = "$(TARGET_NAME)";
				SWIFT_EMIT_LOC_STRINGS = YES;
				SWIFT_VERSION = 5.0;
			};
			name = Release;
		};
/* End XCBuildConfiguration section */

/* Begin XCConfigurationList section */
		A6000001 /* Build configuration list for PBXProject "FlowTimer" */ = {
			isa = XCConfigurationList;
			buildConfigurations = (
				A6000002 /* Debug */,
				A6000004 /* Release */,
			);
			defaultConfigurationIsVisible = 0;
			defaultConfigurationName = Release;
		};
		A6000003 /* Build configuration list for PBXNativeTarget "FlowTimer" */ = {
			isa = XCConfigurationList;
			buildConfigurations = (
				A6000005 /* Debug */,
				A6000006 /* Release */,
			);
			defaultConfigurationIsVisible = 0;
			defaultConfigurationName = Release;
		};
/* End XCConfigurationList section */
	};
	rootObject = A7000001 /* Project object */;
}
